
Microsoft Visual Studio Solution File, Format Version 12.00
Project("{FAE04EC0-301F-11D3-BF4B-00C04F79EFBC}") = "TaxaJurosAPI", "src\TaxaJurosAPI\TaxaJurosAPI.csproj", "{DE92A01C-21ED-4529-A694-55A8B8C1A2E6}"
EndProject
Project("{FAE04EC0-301F-11D3-BF4B-00C04F79EFBC}") = "CalculaJurosAPI", "src\CalculaJurosAPI\CalculaJurosAPI.csproj", "{BC0E2F8C-BFDC-474E-BC13-ED5C3E411CF7}"
EndProject
Global
	GlobalSection(SolutionConfigurationPlatforms) = preSolution
		Debug|Any CPU = Debug|Any CPU
		Release|Any CPU = Release|Any CPU
	EndGlobalSection
	GlobalSection(ProjectConfigurationPlatforms) = postSolution
		{DE92A01C-21ED-4529-A694-55A8B8C1A2E6}.Debug|Any CPU.ActiveCfg = Debug|Any CPU
		{DE92A01C-21ED-4529-A694-55A8B8C1A2E6}.Debug|Any CPU.Build.0 = Debug|Any CPU
		{DE92A01C-21ED-4529-A694-55A8B8C1A2E6}.Release|Any CPU.ActiveCfg = Release|Any CPU
		{DE92A01C-21ED-4529-A694-55A8B8C1A2E6}.Release|Any CPU.Build.0 = Release|Any CPU
		{BC0E2F8C-BFDC-474E-BC13-ED5C3E411CF7}.Debug|Any CPU.ActiveCfg = Debug|Any CPU
		{BC0E2F8C-BFDC-474E-BC13-ED5C3E411CF7}.Debug|Any CPU.Build.0 = Debug|Any CPU
		{BC0E2F8C-BFDC-474E-BC13-ED5C3E411CF7}.Release|Any CPU.ActiveCfg = Release|Any CPU
		{BC0E2F8C-BFDC-474E-BC13-ED5C3E411CF7}.Release|Any CPU.Build.0 = Release|Any CPU
	EndGlobalSection
EndGlobal
